
Microsoft Visual Studio Solution File, Format Version 12.00
# Visual Studio Version 17
VisualStudioVersion = 17.10.35027.167
MinimumVisualStudioVersion = 10.0.40219.1
Project("{9A19103F-16F7-4668-BE54-9A1E7A4F7556}") = "TiendaService.api.Autor", "TiendaService.api.Autor.csproj", "{B4CB3C1B-17C9-479C-A6C1-4CEFA419962C}"
EndProject
Project("{9A19103F-16F7-4668-BE54-9A1E7A4F7556}") = "TiendaService.Api.Libro", "..\TiendaService.Api.Libro\TiendaService.Api.Libro.csproj", "{A367B4E3-1DFC-460E-B79D-CE5A414B0B5C}"
EndProject
Project("{9A19103F-16F7-4668-BE54-9A1E7A4F7556}") = "TiendaService.api.CarritoCompras", "..\TiendaService.api.CarritoCompras\TiendaService.api.CarritoCompras.csproj", "{0C30A1AF-A82A-4BD0-BA4A-E26C0B4A5D03}"
EndProject
Project("{FAE04EC0-301F-11D3-BF4B-00C04F79EFBC}") = "TiendaService.api.Libro.Test", "..\TiendaService.api.Libro.Test\TiendaService.api.Libro.Test.csproj", "{245F4159-E60A-4A64-890C-33625746993B}"
EndProject
Global
	GlobalSection(SolutionConfigurationPlatforms) = preSolution
		Debug|Any CPU = Debug|Any CPU
		Release|Any CPU = Release|Any CPU
	EndGlobalSection
	GlobalSection(ProjectConfigurationPlatforms) = postSolution
		{B4CB3C1B-17C9-479C-A6C1-4CEFA419962C}.Debug|Any CPU.ActiveCfg = Debug|Any CPU
		{B4CB3C1B-17C9-479C-A6C1-4CEFA419962C}.Debug|Any CPU.Build.0 = Debug|Any CPU
		{B4CB3C1B-17C9-479C-A6C1-4CEFA419962C}.Release|Any CPU.ActiveCfg = Release|Any CPU
		{B4CB3C1B-17C9-479C-A6C1-4CEFA419962C}.Release|Any CPU.Build.0 = Release|Any CPU
		{A367B4E3-1DFC-460E-B79D-CE5A414B0B5C}.Debug|Any CPU.ActiveCfg = Debug|Any CPU
		{A367B4E3-1DFC-460E-B79D-CE5A414B0B5C}.Debug|Any CPU.Build.0 = Debug|Any CPU
		{A367B4E3-1DFC-460E-B79D-CE5A414B0B5C}.Release|Any CPU.ActiveCfg = Release|Any CPU
		{A367B4E3-1DFC-460E-B79D-CE5A414B0B5C}.Release|Any CPU.Build.0 = Release|Any CPU
		{0C30A1AF-A82A-4BD0-BA4A-E26C0B4A5D03}.Debug|Any CPU.ActiveCfg = Debug|Any CPU
		{0C30A1AF-A82A-4BD0-BA4A-E26C0B4A5D03}.Debug|Any CPU.Build.0 = Debug|Any CPU
		{0C30A1AF-A82A-4BD0-BA4A-E26C0B4A5D03}.Release|Any CPU.ActiveCfg = Release|Any CPU
		{0C30A1AF-A82A-4BD0-BA4A-E26C0B4A5D03}.Release|Any CPU.Build.0 = Release|Any CPU
		{245F4159-E60A-4A64-890C-33625746993B}.Debug|Any CPU.ActiveCfg = Debug|Any CPU
		{245F4159-E60A-4A64-890C-33625746993B}.Debug|Any CPU.Build.0 = Debug|Any CPU
		{245F4159-E60A-4A64-890C-33625746993B}.Release|Any CPU.ActiveCfg = Release|Any CPU
		{245F4159-E60A-4A64-890C-33625746993B}.Release|Any CPU.Build.0 = Release|Any CPU
	EndGlobalSection
	GlobalSection(SolutionProperties) = preSolution
		HideSolutionNode = FALSE
	EndGlobalSection
	GlobalSection(ExtensibilityGlobals) = postSolution
		SolutionGuid = {AF8560FB-26D5-4F3F-AD6B-B0BBFD61F9A6}
	EndGlobalSection
EndGlobal
